{
  "name": "eh-guid",
  "version": "0.13.1",
  "lockfileVersion": 1,
  "requires": true,
  "dependencies": {
    "crypto-random-string": {
      "version": "3.3.1",
      "resolved": "https://registry.npmjs.org/crypto-random-string/-/crypto-random-string-3.3.1.tgz",
      "integrity": "sha512-5j88ECEn6h17UePrLi6pn1JcLtAiANa3KExyr9y9Z5vo2mv56Gh3I4Aja/B9P9uyMwyxNHAHWv+nE72f30T5Dg==",
      "requires": {
        "type-fest": "^0.8.1"
      }
    },
    "just.randomstring": {
      "version": "0.1.1",
      "resolved": "https://registry.npmjs.org/just.randomstring/-/just.randomstring-0.1.1.tgz",
      "integrity": "sha1-qAjo227Tx5vljOw0rH//ABh5CSQ="
    },
    "should": {
      "version": "6.0.1",
      "resolved": "https://registry.npmjs.org/should/-/should-6.0.1.tgz",
      "integrity": "sha1-PZPRvkoldnl6aVvJM12YW3X/dR0=",
      "dev": true,
      "requires": {
        "should-equal": "0.3.1",
        "should-format": "0.0.7",
        "should-type": "0.0.4"
      },
      "dependencies": {
        "should-equal": {
          "version": "0.3.1",
          "resolved": "https://registry.npmjs.org/should-equal/-/should-equal-0.3.1.tgz",
          "integrity": "sha1-vY6pemdI45+tR2o75v1y68LnK/A=",
          "dev": true,
          "requires": {
            "should-type": "0.0.4"
          }
        },
        "should-format": {
          "version": "0.0.7",
          "resolved": "https://registry.npmjs.org/should-format/-/should-format-0.0.7.tgz",
          "integrity": "sha1-Hi74a9kdqcLgQSM1tWq6vZov3hI=",
          "dev": true,
          "requires": {
            "should-type": "0.0.4"
          }
        },
        "should-type": {
          "version": "0.0.4",
          "resolved": "https://registry.npmjs.org/should-type/-/should-type-0.0.4.tgz",
          "integrity": "sha1-ATKgVBemEmhmQmrPEW8e1WI6XNA=",
          "dev": true
        }
      }
    },
    "type-fest": {
      "version": "0.8.1",
      "resolved": "https://registry.npmjs.org/type-fest/-/type-fest-0.8.1.tgz",
      "integrity": "sha512-4dbzIzqvjtgiM5rw1k5rEHtBANKmdudhGyBEajN01fEyhaAIhsoKNy6y7+IN93IfpFtwY9iqi7kD+xwKhQsNJA=="
    }
  }
}
